
Microsoft Visual Studio Solution File, Format Version 12.00
# Visual Studio Version 16
VisualStudioVersion = 16.0.29728.190
MinimumVisualStudioVersion = 10.0.40219.1
Project("{FAE04EC0-301F-11D3-BF4B-00C04F79EFBC}") = "Project_1", "Project_1\Project_1.csproj", "{51D74355-A4D4-4518-973F-6AD7F65314B3}"
EndProject
Global
	GlobalSection(SolutionConfigurationPlatforms) = preSolution
		Debug|Any CPU = Debug|Any CPU
		Release|Any CPU = Release|Any CPU
	EndGlobalSection
	GlobalSection(ProjectConfigurationPlatforms) = postSolution
		{51D74355-A4D4-4518-973F-6AD7F65314B3}.Debug|Any CPU.ActiveCfg = Debug|Any CPU
		{51D74355-A4D4-4518-973F-6AD7F65314B3}.Debug|Any CPU.Build.0 = Debug|Any CPU
		{51D74355-A4D4-4518-973F-6AD7F65314B3}.Release|Any CPU.ActiveCfg = Release|Any CPU
		{51D74355-A4D4-4518-973F-6AD7F65314B3}.Release|Any CPU.Build.0 = Release|Any CPU
	EndGlobalSection
	GlobalSection(SolutionProperties) = preSolution
		HideSolutionNode = FALSE
	EndGlobalSection
	GlobalSection(ExtensibilityGlobals) = postSolution
		SolutionGuid = {145559E3-A419-4E0A-8FD6-3EB7171430A7}
	EndGlobalSection
EndGlobal
